
Microsoft Visual Studio Solution File, Format Version 12.00
# Visual Studio Version 17
VisualStudioVersion = 17.11.35312.102
MinimumVisualStudioVersion = 10.0.40219.1
Project("{2150E333-8FDC-42A3-9474-1A3956D46DE8}") = "Task0", "Task0", "{6C6DE1E7-7A96-4024-9D5F-010213B98035}"
	ProjectSection(SolutionItems) = preProject
		Tyuiu.BerezkinAA.Sprint6.Task2.V14\FormMain.cs = Tyuiu.BerezkinAA.Sprint6.Task2.V14\FormMain.cs
		Tyuiu.BerezkinAA.Sprint6.Task2.V14\FormMain.Designer.cs = Tyuiu.BerezkinAA.Sprint6.Task2.V14\FormMain.Designer.cs
		Tyuiu.BerezkinAA.Sprint6.Task2.V14\FormMain.resx = Tyuiu.BerezkinAA.Sprint6.Task2.V14\FormMain.resx
	EndProjectSection
EndProject
Project("{FAE04EC0-301F-11D3-BF4B-00C04F79EFBC}") = "Tyuiu.BerezkinAA.Sprint6.Task0.V1.Test", "Tyuiu.BerezkinAA.Sprint6.Task0.V1.Test\Tyuiu.BerezkinAA.Sprint6.Task0.V1.Test.csproj", "{537E0814-4D3B-44BD-A3FA-EF4E8E60E876}"
EndProject
Project("{FAE04EC0-301F-11D3-BF4B-00C04F79EFBC}") = "Tyuiu.BerezkinAA.Sprint6.Task0.V1.Lib", "Tyuiu.BerezkinAA.Sprint6.Task0.V1.Lib\Tyuiu.BerezkinAA.Sprint6.Task0.V1.Lib.csproj", "{49EDADBA-8EA8-4CF5-8CA1-06C22284A710}"
EndProject
Project("{FAE04EC0-301F-11D3-BF4B-00C04F79EFBC}") = "Tyuiu.BerezkinAA.Sprint6.Task0.V1", "Tyuiu.BerezkinAA.Sprint6.Task0.V1\Tyuiu.BerezkinAA.Sprint6.Task0.V1.csproj", "{CC9F1602-8652-46F8-BABF-8CD1799437E8}"
EndProject
Project("{2150E333-8FDC-42A3-9474-1A3956D46DE8}") = "Task1", "Task1", "{AF09F340-4FF9-42AE-8204-9DA1A9FCA853}"
EndProject
Project("{FAE04EC0-301F-11D3-BF4B-00C04F79EFBC}") = "Tyuiu.BerezkinAA.Sprint6.Task1.V14.Lib", "Tyuiu.BerezkinAA.Sprint6.Task1.V14.Lib\Tyuiu.BerezkinAA.Sprint6.Task1.V14.Lib.csproj", "{7BCE3C19-8790-4B92-8D71-5BC672EA5B8C}"
EndProject
Project("{FAE04EC0-301F-11D3-BF4B-00C04F79EFBC}") = "Tyuiu.BerezkinAA.Sprint6.Task1.V14.Test", "Tyuiu.BerezkinAA.Sprint6.Task1.V14.Test\Tyuiu.BerezkinAA.Sprint6.Task1.V14.Test.csproj", "{B866979D-8674-45E4-9F35-86E1465A581A}"
EndProject
Project("{FAE04EC0-301F-11D3-BF4B-00C04F79EFBC}") = "Tyuiu.BerezkinAA.Sprint6.Task1.V14", "Tyuiu.BerezkinAA.Sprint6.Task1.V14\Tyuiu.BerezkinAA.Sprint6.Task1.V14.csproj", "{9F1CED39-7840-4018-B7D4-E59AE31FEF85}"
EndProject
Project("{2150E333-8FDC-42A3-9474-1A3956D46DE8}") = "Task2", "Task2", "{2A0E89AF-3D6F-437C-B603-6548554DB243}"
EndProject
Project("{FAE04EC0-301F-11D3-BF4B-00C04F79EFBC}") = "Tyuiu.BerezkinAA.Sprint6.Task2.V14.Lib", "Tyuiu.BerezkinAA.Sprint6.Task2.V14.Lib\Tyuiu.BerezkinAA.Sprint6.Task2.V14.Lib.csproj", "{22A41674-0E16-4A43-A455-0F95D985738D}"
EndProject
Project("{FAE04EC0-301F-11D3-BF4B-00C04F79EFBC}") = "Tyuiu.BerezkinAA.Sprint6.Task2.V14.Test", "Tyuiu.BerezkinAA.Sprint6.Task2.V14.Test\Tyuiu.BerezkinAA.Sprint6.Task2.V14.Test.csproj", "{82B24BE0-D0F6-47E2-8FC6-093FC2073465}"
EndProject
Project("{FAE04EC0-301F-11D3-BF4B-00C04F79EFBC}") = "Tyuiu.BerezkinAA.Sprint6.Task2.V14", "Tyuiu.BerezkinAA.Sprint6.Task2.V14\Tyuiu.BerezkinAA.Sprint6.Task2.V14.csproj", "{B779C18A-CEA8-4AA4-877C-6D9B1371ADBC}"
EndProject
Project("{2150E333-8FDC-42A3-9474-1A3956D46DE8}") = "Task3", "Task3", "{52EED176-6186-4F10-999E-EEC27176753F}"
EndProject
Project("{FAE04EC0-301F-11D3-BF4B-00C04F79EFBC}") = "Tyuiu.BerezkinAA.Sprint6.Task3.V25.Lib", "Tyuiu.BerezkinAA.Sprint6.Task3.V25.Lib\Tyuiu.BerezkinAA.Sprint6.Task3.V25.Lib.csproj", "{45431E63-5DCA-45E1-A34C-DDC2F669589B}"
EndProject
Project("{FAE04EC0-301F-11D3-BF4B-00C04F79EFBC}") = "Tyuiu.BerezkinAA.Sprint6.Task3.V25.Test", "Tyuiu.BerezkinAA.Sprint6.Task3.V25.Test\Tyuiu.BerezkinAA.Sprint6.Task3.V25.Test.csproj", "{E5804264-E50C-4F3F-90EB-B494DF79F3C1}"
EndProject
Project("{2150E333-8FDC-42A3-9474-1A3956D46DE8}") = "Task4", "Task4", "{C528200C-0F56-4434-AB84-4A64080191C5}"
EndProject
Project("{2150E333-8FDC-42A3-9474-1A3956D46DE8}") = "Task5", "Task5", "{9945E5B7-1547-409E-9856-5EB47103BFCD}"
EndProject
Project("{2150E333-8FDC-42A3-9474-1A3956D46DE8}") = "Task6", "Task6", "{76B2A02D-186C-4936-905C-1D3E16C6B8FC}"
EndProject
Project("{2150E333-8FDC-42A3-9474-1A3956D46DE8}") = "Task7", "Task7", "{532C2FC6-1D12-4D37-AE02-310089B819E7}"
EndProject
Project("{FAE04EC0-301F-11D3-BF4B-00C04F79EFBC}") = "Tyuiu.BerezkinAA.Sprint6.Task3.V25", "Tyuiu.BerezkinAA.Sprint6.Task3.V25\Tyuiu.BerezkinAA.Sprint6.Task3.V25.csproj", "{A0519315-328C-4689-B004-602E374AC66D}"
EndProject
Project("{FAE04EC0-301F-11D3-BF4B-00C04F79EFBC}") = "Tyuiu.BerezkinAA.Sprint6.Task4.V10.Lib", "Tyuiu.BerezkinAA.Sprint6.Task4.V10.Lib\Tyuiu.BerezkinAA.Sprint6.Task4.V10.Lib.csproj", "{2AFD00EA-BC75-4E9E-9290-E6F90A0E372C}"
EndProject
Project("{FAE04EC0-301F-11D3-BF4B-00C04F79EFBC}") = "Tyuiu.BerezkinAA.Sprint6.Task4.V10.Test", "Tyuiu.BerezkinAA.Sprint6.Task4.V10.Test\Tyuiu.BerezkinAA.Sprint6.Task4.V10.Test.csproj", "{C50EE1D6-3F75-4625-B0C9-F607B0AD35F4}"
EndProject
Project("{FAE04EC0-301F-11D3-BF4B-00C04F79EFBC}") = "Tyuiu.BerezkinAA.Sprint6.Task4.V10", "Tyuiu.BerezkinAA.Sprint6.Task4.V10\Tyuiu.BerezkinAA.Sprint6.Task4.V10.csproj", "{8FFE21DE-C8A9-401C-A1AB-57B6E1D09E06}"
EndProject
Project("{FAE04EC0-301F-11D3-BF4B-00C04F79EFBC}") = "Tyuiu.BerezkinAA.Sprint6.Task5.V27.Lib", "Tyuiu.BerezkinAA.Sprint6.Task5.V27.Lib\Tyuiu.BerezkinAA.Sprint6.Task5.V27.Lib.csproj", "{2B83E5EC-5912-4133-9215-A6A5F076A1E2}"
EndProject
Project("{FAE04EC0-301F-11D3-BF4B-00C04F79EFBC}") = "Tyuiu.BerezkinAA.Sprint6.Task5.V27.Test", "Tyuiu.BerezkinAA.Sprint6.Task5.V27.Test\Tyuiu.BerezkinAA.Sprint6.Task5.V27.Test.csproj", "{A37072FB-FCB1-45BE-AF28-79E7F0E13319}"
EndProject
Project("{FAE04EC0-301F-11D3-BF4B-00C04F79EFBC}") = "Tyuiu.BerezkinAA.Sprint6.Task5.V27", "Tyuiu.BerezkinAA.Sprint6.Task5.V27\Tyuiu.BerezkinAA.Sprint6.Task5.V27.csproj", "{2360C27B-3444-4008-B5A4-B033AB99DD19}"
EndProject
Project("{FAE04EC0-301F-11D3-BF4B-00C04F79EFBC}") = "Tyuiu.BerezkinAA.Sprint6.Task6.V29.Lib", "Tyuiu.BerezkinAA.Sprint6.Task6.V29.Lib\Tyuiu.BerezkinAA.Sprint6.Task6.V29.Lib.csproj", "{E77FA79B-1E82-4904-836C-AAD6D457A2B3}"
EndProject
Project("{FAE04EC0-301F-11D3-BF4B-00C04F79EFBC}") = "Tyuiu.BerezkinAA.Sprint6.Task6.V29.Test", "Tyuiu.BerezkinAA.Sprint6.Task6.V29.Test\Tyuiu.BerezkinAA.Sprint6.Task6.V29.Test.csproj", "{1D16A412-4F74-4E72-8898-94E0F4839C64}"
EndProject
Project("{FAE04EC0-301F-11D3-BF4B-00C04F79EFBC}") = "Tyuiu.BerezkinAA.Sprint6.Task6.V29", "Tyuiu.BerezkinAA.Sprint6.Task6.V29\Tyuiu.BerezkinAA.Sprint6.Task6.V29.csproj", "{C8B174C5-0994-4B5A-9F83-ED8F4FFA7D95}"
EndProject
Global
	GlobalSection(SolutionConfigurationPlatforms) = preSolution
		Debug|Any CPU = Debug|Any CPU
		Release|Any CPU = Release|Any CPU
	EndGlobalSection
	GlobalSection(ProjectConfigurationPlatforms) = postSolution
		{537E0814-4D3B-44BD-A3FA-EF4E8E60E876}.Debug|Any CPU.ActiveCfg = Debug|Any CPU
		{537E0814-4D3B-44BD-A3FA-EF4E8E60E876}.Debug|Any CPU.Build.0 = Debug|Any CPU
		{537E0814-4D3B-44BD-A3FA-EF4E8E60E876}.Release|Any CPU.ActiveCfg = Release|Any CPU
		{537E0814-4D3B-44BD-A3FA-EF4E8E60E876}.Release|Any CPU.Build.0 = Release|Any CPU
		{49EDADBA-8EA8-4CF5-8CA1-06C22284A710}.Debug|Any CPU.ActiveCfg = Debug|Any CPU
		{49EDADBA-8EA8-4CF5-8CA1-06C22284A710}.Debug|Any CPU.Build.0 = Debug|Any CPU
		{49EDADBA-8EA8-4CF5-8CA1-06C22284A710}.Release|Any CPU.ActiveCfg = Release|Any CPU
		{49EDADBA-8EA8-4CF5-8CA1-06C22284A710}.Release|Any CPU.Build.0 = Release|Any CPU
		{CC9F1602-8652-46F8-BABF-8CD1799437E8}.Debug|Any CPU.ActiveCfg = Debug|Any CPU
		{CC9F1602-8652-46F8-BABF-8CD1799437E8}.Debug|Any CPU.Build.0 = Debug|Any CPU
		{CC9F1602-8652-46F8-BABF-8CD1799437E8}.Release|Any CPU.ActiveCfg = Release|Any CPU
		{CC9F1602-8652-46F8-BABF-8CD1799437E8}.Release|Any CPU.Build.0 = Release|Any CPU
		{7BCE3C19-8790-4B92-8D71-5BC672EA5B8C}.Debug|Any CPU.ActiveCfg = Debug|Any CPU
		{7BCE3C19-8790-4B92-8D71-5BC672EA5B8C}.Debug|Any CPU.Build.0 = Debug|Any CPU
		{7BCE3C19-8790-4B92-8D71-5BC672EA5B8C}.Release|Any CPU.ActiveCfg = Release|Any CPU
		{7BCE3C19-8790-4B92-8D71-5BC672EA5B8C}.Release|Any CPU.Build.0 = Release|Any CPU
		{B866979D-8674-45E4-9F35-86E1465A581A}.Debug|Any CPU.ActiveCfg = Debug|Any CPU
		{B866979D-8674-45E4-9F35-86E1465A581A}.Debug|Any CPU.Build.0 = Debug|Any CPU
		{B866979D-8674-45E4-9F35-86E1465A581A}.Release|Any CPU.ActiveCfg = Release|Any CPU
		{B866979D-8674-45E4-9F35-86E1465A581A}.Release|Any CPU.Build.0 = Release|Any CPU
		{9F1CED39-7840-4018-B7D4-E59AE31FEF85}.Debug|Any CPU.ActiveCfg = Debug|Any CPU
		{9F1CED39-7840-4018-B7D4-E59AE31FEF85}.Debug|Any CPU.Build.0 = Debug|Any CPU
		{9F1CED39-7840-4018-B7D4-E59AE31FEF85}.Release|Any CPU.ActiveCfg = Release|Any CPU
		{9F1CED39-7840-4018-B7D4-E59AE31FEF85}.Release|Any CPU.Build.0 = Release|Any CPU
		{22A41674-0E16-4A43-A455-0F95D985738D}.Debug|Any CPU.ActiveCfg = Debug|Any CPU
		{22A41674-0E16-4A43-A455-0F95D985738D}.Debug|Any CPU.Build.0 = Debug|Any CPU
		{22A41674-0E16-4A43-A455-0F95D985738D}.Release|Any CPU.ActiveCfg = Release|Any CPU
		{22A41674-0E16-4A43-A455-0F95D985738D}.Release|Any CPU.Build.0 = Release|Any CPU
		{82B24BE0-D0F6-47E2-8FC6-093FC2073465}.Debug|Any CPU.ActiveCfg = Debug|Any CPU
		{82B24BE0-D0F6-47E2-8FC6-093FC2073465}.Debug|Any CPU.Build.0 = Debug|Any CPU
		{82B24BE0-D0F6-47E2-8FC6-093FC2073465}.Release|Any CPU.ActiveCfg = Release|Any CPU
		{82B24BE0-D0F6-47E2-8FC6-093FC2073465}.Release|Any CPU.Build.0 = Release|Any CPU
		{B779C18A-CEA8-4AA4-877C-6D9B1371ADBC}.Debug|Any CPU.ActiveCfg = Debug|Any CPU
		{B779C18A-CEA8-4AA4-877C-6D9B1371ADBC}.Debug|Any CPU.Build.0 = Debug|Any CPU
		{B779C18A-CEA8-4AA4-877C-6D9B1371ADBC}.Release|Any CPU.ActiveCfg = Release|Any CPU
		{B779C18A-CEA8-4AA4-877C-6D9B1371ADBC}.Release|Any CPU.Build.0 = Release|Any CPU
		{45431E63-5DCA-45E1-A34C-DDC2F669589B}.Debug|Any CPU.ActiveCfg = Debug|Any CPU
		{45431E63-5DCA-45E1-A34C-DDC2F669589B}.Debug|Any CPU.Build.0 = Debug|Any CPU
		{45431E63-5DCA-45E1-A34C-DDC2F669589B}.Release|Any CPU.ActiveCfg = Release|Any CPU
		{45431E63-5DCA-45E1-A34C-DDC2F669589B}.Release|Any CPU.Build.0 = Release|Any CPU
		{E5804264-E50C-4F3F-90EB-B494DF79F3C1}.Debug|Any CPU.ActiveCfg = Debug|Any CPU
		{E5804264-E50C-4F3F-90EB-B494DF79F3C1}.Debug|Any CPU.Build.0 = Debug|Any CPU
		{E5804264-E50C-4F3F-90EB-B494DF79F3C1}.Release|Any CPU.ActiveCfg = Release|Any CPU
		{E5804264-E50C-4F3F-90EB-B494DF79F3C1}.Release|Any CPU.Build.0 = Release|Any CPU
		{A0519315-328C-4689-B004-602E374AC66D}.Debug|Any CPU.ActiveCfg = Debug|Any CPU
		{A0519315-328C-4689-B004-602E374AC66D}.Debug|Any CPU.Build.0 = Debug|Any CPU
		{A0519315-328C-4689-B004-602E374AC66D}.Release|Any CPU.ActiveCfg = Release|Any CPU
		{A0519315-328C-4689-B004-602E374AC66D}.Release|Any CPU.Build.0 = Release|Any CPU
		{2AFD00EA-BC75-4E9E-9290-E6F90A0E372C}.Debug|Any CPU.ActiveCfg = Debug|Any CPU
		{2AFD00EA-BC75-4E9E-9290-E6F90A0E372C}.Debug|Any CPU.Build.0 = Debug|Any CPU
		{2AFD00EA-BC75-4E9E-9290-E6F90A0E372C}.Release|Any CPU.ActiveCfg = Release|Any CPU
		{2AFD00EA-BC75-4E9E-9290-E6F90A0E372C}.Release|Any CPU.Build.0 = Release|Any CPU
		{C50EE1D6-3F75-4625-B0C9-F607B0AD35F4}.Debug|Any CPU.ActiveCfg = Debug|Any CPU
		{C50EE1D6-3F75-4625-B0C9-F607B0AD35F4}.Debug|Any CPU.Build.0 = Debug|Any CPU
		{C50EE1D6-3F75-4625-B0C9-F607B0AD35F4}.Release|Any CPU.ActiveCfg = Release|Any CPU
		{C50EE1D6-3F75-4625-B0C9-F607B0AD35F4}.Release|Any CPU.Build.0 = Release|Any CPU
		{8FFE21DE-C8A9-401C-A1AB-57B6E1D09E06}.Debug|Any CPU.ActiveCfg = Debug|Any CPU
		{8FFE21DE-C8A9-401C-A1AB-57B6E1D09E06}.Debug|Any CPU.Build.0 = Debug|Any CPU
		{8FFE21DE-C8A9-401C-A1AB-57B6E1D09E06}.Release|Any CPU.ActiveCfg = Release|Any CPU
		{8FFE21DE-C8A9-401C-A1AB-57B6E1D09E06}.Release|Any CPU.Build.0 = Release|Any CPU
		{2B83E5EC-5912-4133-9215-A6A5F076A1E2}.Debug|Any CPU.ActiveCfg = Debug|Any CPU
		{2B83E5EC-5912-4133-9215-A6A5F076A1E2}.Debug|Any CPU.Build.0 = Debug|Any CPU
		{2B83E5EC-5912-4133-9215-A6A5F076A1E2}.Release|Any CPU.ActiveCfg = Release|Any CPU
		{2B83E5EC-5912-4133-9215-A6A5F076A1E2}.Release|Any CPU.Build.0 = Release|Any CPU
		{A37072FB-FCB1-45BE-AF28-79E7F0E13319}.Debug|Any CPU.ActiveCfg = Debug|Any CPU
		{A37072FB-FCB1-45BE-AF28-79E7F0E13319}.Debug|Any CPU.Build.0 = Debug|Any CPU
		{A37072FB-FCB1-45BE-AF28-79E7F0E13319}.Release|Any CPU.ActiveCfg = Release|Any CPU
		{A37072FB-FCB1-45BE-AF28-79E7F0E13319}.Release|Any CPU.Build.0 = Release|Any CPU
		{2360C27B-3444-4008-B5A4-B033AB99DD19}.Debug|Any CPU.ActiveCfg = Debug|Any CPU
		{2360C27B-3444-4008-B5A4-B033AB99DD19}.Debug|Any CPU.Build.0 = Debug|Any CPU
		{2360C27B-3444-4008-B5A4-B033AB99DD19}.Release|Any CPU.ActiveCfg = Release|Any CPU
		{2360C27B-3444-4008-B5A4-B033AB99DD19}.Release|Any CPU.Build.0 = Release|Any CPU
		{E77FA79B-1E82-4904-836C-AAD6D457A2B3}.Debug|Any CPU.ActiveCfg = Debug|Any CPU
		{E77FA79B-1E82-4904-836C-AAD6D457A2B3}.Debug|Any CPU.Build.0 = Debug|Any CPU
		{E77FA79B-1E82-4904-836C-AAD6D457A2B3}.Release|Any CPU.ActiveCfg = Release|Any CPU
		{E77FA79B-1E82-4904-836C-AAD6D457A2B3}.Release|Any CPU.Build.0 = Release|Any CPU
		{1D16A412-4F74-4E72-8898-94E0F4839C64}.Debug|Any CPU.ActiveCfg = Debug|Any CPU
		{1D16A412-4F74-4E72-8898-94E0F4839C64}.Debug|Any CPU.Build.0 = Debug|Any CPU
		{1D16A412-4F74-4E72-8898-94E0F4839C64}.Release|Any CPU.ActiveCfg = Release|Any CPU
		{1D16A412-4F74-4E72-8898-94E0F4839C64}.Release|Any CPU.Build.0 = Release|Any CPU
		{C8B174C5-0994-4B5A-9F83-ED8F4FFA7D95}.Debug|Any CPU.ActiveCfg = Debug|Any CPU
		{C8B174C5-0994-4B5A-9F83-ED8F4FFA7D95}.Debug|Any CPU.Build.0 = Debug|Any CPU
		{C8B174C5-0994-4B5A-9F83-ED8F4FFA7D95}.Release|Any CPU.ActiveCfg = Release|Any CPU
		{C8B174C5-0994-4B5A-9F83-ED8F4FFA7D95}.Release|Any CPU.Build.0 = Release|Any CPU
	EndGlobalSection
	GlobalSection(SolutionProperties) = preSolution
		HideSolutionNode = FALSE
	EndGlobalSection
	GlobalSection(NestedProjects) = preSolution
		{537E0814-4D3B-44BD-A3FA-EF4E8E60E876} = {6C6DE1E7-7A96-4024-9D5F-010213B98035}
		{49EDADBA-8EA8-4CF5-8CA1-06C22284A710} = {6C6DE1E7-7A96-4024-9D5F-010213B98035}
		{CC9F1602-8652-46F8-BABF-8CD1799437E8} = {6C6DE1E7-7A96-4024-9D5F-010213B98035}
		{7BCE3C19-8790-4B92-8D71-5BC672EA5B8C} = {AF09F340-4FF9-42AE-8204-9DA1A9FCA853}
		{B866979D-8674-45E4-9F35-86E1465A581A} = {AF09F340-4FF9-42AE-8204-9DA1A9FCA853}
		{9F1CED39-7840-4018-B7D4-E59AE31FEF85} = {AF09F340-4FF9-42AE-8204-9DA1A9FCA853}
		{22A41674-0E16-4A43-A455-0F95D985738D} = {2A0E89AF-3D6F-437C-B603-6548554DB243}
		{82B24BE0-D0F6-47E2-8FC6-093FC2073465} = {2A0E89AF-3D6F-437C-B603-6548554DB243}
		{B779C18A-CEA8-4AA4-877C-6D9B1371ADBC} = {2A0E89AF-3D6F-437C-B603-6548554DB243}
		{45431E63-5DCA-45E1-A34C-DDC2F669589B} = {52EED176-6186-4F10-999E-EEC27176753F}
		{E5804264-E50C-4F3F-90EB-B494DF79F3C1} = {52EED176-6186-4F10-999E-EEC27176753F}
		{A0519315-328C-4689-B004-602E374AC66D} = {52EED176-6186-4F10-999E-EEC27176753F}
		{2AFD00EA-BC75-4E9E-9290-E6F90A0E372C} = {C528200C-0F56-4434-AB84-4A64080191C5}
		{C50EE1D6-3F75-4625-B0C9-F607B0AD35F4} = {C528200C-0F56-4434-AB84-4A64080191C5}
		{8FFE21DE-C8A9-401C-A1AB-57B6E1D09E06} = {C528200C-0F56-4434-AB84-4A64080191C5}
		{2B83E5EC-5912-4133-9215-A6A5F076A1E2} = {9945E5B7-1547-409E-9856-5EB47103BFCD}
		{A37072FB-FCB1-45BE-AF28-79E7F0E13319} = {9945E5B7-1547-409E-9856-5EB47103BFCD}
		{2360C27B-3444-4008-B5A4-B033AB99DD19} = {9945E5B7-1547-409E-9856-5EB47103BFCD}
		{E77FA79B-1E82-4904-836C-AAD6D457A2B3} = {76B2A02D-186C-4936-905C-1D3E16C6B8FC}
		{1D16A412-4F74-4E72-8898-94E0F4839C64} = {76B2A02D-186C-4936-905C-1D3E16C6B8FC}
		{C8B174C5-0994-4B5A-9F83-ED8F4FFA7D95} = {76B2A02D-186C-4936-905C-1D3E16C6B8FC}
	EndGlobalSection
	GlobalSection(ExtensibilityGlobals) = postSolution
		SolutionGuid = {7ACD7254-16DB-44BD-A856-88D5327495F7}
	EndGlobalSection
EndGlobal
